
Microsoft Visual Studio Solution File, Format Version 12.00
# Visual Studio Version 17
VisualStudioVersion = 17.13.35913.81 d17.13
MinimumVisualStudioVersion = 10.0.40219.1
Project("{FAE04EC0-301F-11D3-BF4B-00C04F79EFBC}") = "AuthService", "AuthService.csproj", "{563C70EF-2CF8-40F5-ACC2-8F743CFAB275}"
EndProject
Global
	GlobalSection(SolutionConfigurationPlatforms) = preSolution
		Debug|Any CPU = Debug|Any CPU
		Release|Any CPU = Release|Any CPU
	EndGlobalSection
	GlobalSection(ProjectConfigurationPlatforms) = postSolution
		{563C70EF-2CF8-40F5-ACC2-8F743CFAB275}.Debug|Any CPU.ActiveCfg = Debug|Any CPU
		{563C70EF-2CF8-40F5-ACC2-8F743CFAB275}.Debug|Any CPU.Build.0 = Debug|Any CPU
		{563C70EF-2CF8-40F5-ACC2-8F743CFAB275}.Release|Any CPU.ActiveCfg = Release|Any CPU
		{563C70EF-2CF8-40F5-ACC2-8F743CFAB275}.Release|Any CPU.Build.0 = Release|Any CPU
	EndGlobalSection
	GlobalSection(SolutionProperties) = preSolution
		HideSolutionNode = FALSE
	EndGlobalSection
	GlobalSection(ExtensibilityGlobals) = postSolution
		SolutionGuid = {5737870C-A17B-4203-B86A-652F21F2133C}
	EndGlobalSection
EndGlobal
